
Microsoft Visual Studio Solution File, Format Version 12.00
# Visual Studio Version 16
VisualStudioVersion = 16.0.29519.87
MinimumVisualStudioVersion = 10.0.40219.1
Project("{888888A0-9F3D-457C-B088-3A5042F75D52}") = "exercise1_geometryMethod", "exercise1_geometryMethod\exercise1_geometryMethod.pyproj", "{7E3B9E70-202D-4465-9BF9-3F132109D563}"
EndProject
Global
	GlobalSection(SolutionConfigurationPlatforms) = preSolution
		Debug|Any CPU = Debug|Any CPU
		Release|Any CPU = Release|Any CPU
	EndGlobalSection
	GlobalSection(ProjectConfigurationPlatforms) = postSolution
		{7E3B9E70-202D-4465-9BF9-3F132109D563}.Debug|Any CPU.ActiveCfg = Debug|Any CPU
		{7E3B9E70-202D-4465-9BF9-3F132109D563}.Release|Any CPU.ActiveCfg = Release|Any CPU
	EndGlobalSection
	GlobalSection(SolutionProperties) = preSolution
		HideSolutionNode = FALSE
	EndGlobalSection
	GlobalSection(ExtensibilityGlobals) = postSolution
		SolutionGuid = {61E2AED3-063A-4C8F-AE1E-F83FF60CA534}
	EndGlobalSection
EndGlobal
